// !$*UTF8*$!
{
	archiveVersion = 1;
	classes = {
	};
	objectVersion = 46;
	objects = {

/* Begin PBXBuildFile section */
		AB772C8C18848D4500490D48 /* Foundation.framework in Frameworks */ = {isa = PBXBuildFile; fileRef = AB772C8B18848D4500490D48 /* Foundation.framework */; };
		AB772C8E18848D4500490D48 /* CoreGraphics.framework in Frameworks */ = {isa = PBXBuildFile; fileRef = AB772C8D18848D4500490D48 /* CoreGraphics.framework */; };
		AB772C9018848D4500490D48 /* UIKit.framework in Frameworks */ = {isa = PBXBuildFile; fileRef = AB772C8F18848D4500490D48 /* UIKit.framework */; };
		AB772C9618848D4500490D48 /* InfoPlist.strings in Resources */ = {isa = PBXBuildFile; fileRef = AB772C9418848D4500490D48 /* InfoPlist.strings */; };
		AB772C9818848D4500490D48 /* main.m in Sources */ = {isa = PBXBuildFile; fileRef = AB772C9718848D4500490D48 /* main.m */; };
		AB772C9C18848D4500490D48 /* CSAppDelegate.m in Sources */ = {isa = PBXBuildFile; fileRef = AB772C9B18848D4500490D48 /* CSAppDelegate.m */; };
		AB772C9E18848D4500490D48 /* Images.xcassets in Resources */ = {isa = PBXBuildFile; fileRef = AB772C9D18848D4500490D48 /* Images.xcassets */; };
		AB772CA518848D4500490D48 /* XCTest.framework in Frameworks */ = {isa = PBXBuildFile; fileRef = AB772CA418848D4500490D48 /* XCTest.framework */; };
		AB772CA618848D4500490D48 /* Foundation.framework in Frameworks */ = {isa = PBXBuildFile; fileRef = AB772C8B18848D4500490D48 /* Foundation.framework */; };
		AB772CA718848D4500490D48 /* UIKit.framework in Frameworks */ = {isa = PBXBuildFile; fileRef = AB772C8F18848D4500490D48 /* UIKit.framework */; };
		AB772CAF18848D4500490D48 /* InfoPlist.strings in Resources */ = {isa = PBXBuildFile; fileRef = AB772CAD18848D4500490D48 /* InfoPlist.strings */; };
		AB772CB118848D4500490D48 /* cs_maps_level4Tests.m in Sources */ = {isa = PBXBuildFile; fileRef = AB772CB018848D4500490D48 /* cs_maps_level4Tests.m */; };
		AB772CBB18848D5900490D48 /* GoogleMaps.framework in Frameworks */ = {isa = PBXBuildFile; fileRef = AB772CBA18848D5900490D48 /* GoogleMaps.framework */; };
		AB772CBD18848D7000490D48 /* GoogleMaps.bundle in Resources */ = {isa = PBXBuildFile; fileRef = AB772CBC18848D7000490D48 /* GoogleMaps.bundle */; };
		AB772CBF18848D7A00490D48 /* AVFoundation.framework in Frameworks */ = {isa = PBXBuildFile; fileRef = AB772CBE18848D7A00490D48 /* AVFoundation.framework */; };
		AB772CC118848D8E00490D48 /* CoreData.framework in Frameworks */ = {isa = PBXBuildFile; fileRef = AB772CC018848D8E00490D48 /* CoreData.framework */; };
		AB772CC318848D9300490D48 /* CoreLocation.framework in Frameworks */ = {isa = PBXBuildFile; fileRef = AB772CC218848D9300490D48 /* CoreLocation.framework */; };
		AB772CC518848D9700490D48 /* CoreText.framework in Frameworks */ = {isa = PBXBuildFile; fileRef = AB772CC418848D9700490D48 /* CoreText.framework */; };
		AB772CC718848D9C00490D48 /* GLKit.framework in Frameworks */ = {isa = PBXBuildFile; fileRef = AB772CC618848D9C00490D48 /* GLKit.framework */; };
		AB772CC918848DA000490D48 /* ImageIO.framework in Frameworks */ = {isa = PBXBuildFile; fileRef = AB772CC818848DA000490D48 /* ImageIO.framework */; };
		AB772CCB18848DA400490D48 /* libc++.dylib in Frameworks */ = {isa = PBXBuildFile; fileRef = AB772CCA18848DA300490D48 /* libc++.dylib */; };
		AB772CCD18848DA800490D48 /* libicucore.dylib in Frameworks */ = {isa = PBXBuildFile; fileRef = AB772CCC18848DA800490D48 /* libicucore.dylib */; };
		AB772CCF18848DAC00490D48 /* libz.dylib in Frameworks */ = {isa = PBXBuildFile; fileRef = AB772CCE18848DAC00490D48 /* libz.dylib */; };
		AB772CD118848DB000490D48 /* OpenGLES.framework in Frameworks */ = {isa = PBXBuildFile; fileRef = AB772CD018848DB000490D48 /* OpenGLES.framework */; };
		AB772CD318848DB400490D48 /* QuartzCore.framework in Frameworks */ = {isa = PBXBuildFile; fileRef = AB772CD218848DB400490D48 /* QuartzCore.framework */; };
		AB772CD518848DB700490D48 /* SystemConfiguration.framework in Frameworks */ = {isa = PBXBuildFile; fileRef = AB772CD418848DB700490D48 /* SystemConfiguration.framework */; };
		AB772CD818848DD400490D48 /* CSMapVC.m in Sources */ = {isa = PBXBuildFile; fileRef = AB772CD718848DD400490D48 /* CSMapVC.m */; };
		AB772CDB1884B4D500490D48 /* CSMarker.m in Sources */ = {isa = PBXBuildFile; fileRef = AB772CDA1884B4D500490D48 /* CSMarker.m */; };
		ABD8F7FF1892C49D00A34C62 /* CSDirectionsVC.m in Sources */ = {isa = PBXBuildFile; fileRef = ABD8F7FE1892C49D00A34C62 /* CSDirectionsVC.m */; };
		ABD8F8021892EAE200A34C62 /* CSDirectionsCell.m in Sources */ = {isa = PBXBuildFile; fileRef = ABD8F8011892EAE200A34C62 /* CSDirectionsCell.m */; };
/* End PBXBuildFile section */

/* Begin PBXContainerItemProxy section */
		AB772CA818848D4500490D48 /* PBXContainerItemProxy */ = {
			isa = PBXContainerItemProxy;
			containerPortal = AB772C8018848D4500490D48 /* Project object */;
			proxyType = 1;
			remoteGlobalIDString = AB772C8718848D4500490D48;
			remoteInfo = "cs-maps-level4";
		};
/* End PBXContainerItemProxy section */

/* Begin PBXFileReference section */
		AB772C8818848D4500490D48 /* cs-maps-level4.app */ = {isa = PBXFileReference; explicitFileType = wrapper.application; includeInIndex = 0; path = "cs-maps-level4.app"; sourceTree = BUILT_PRODUCTS_DIR; };
		AB772C8B18848D4500490D48 /* Foundation.framework */ = {isa = PBXFileReference; lastKnownFileType = wrapper.framework; name = Foundation.framework; path = System/Library/Frameworks/Foundation.framework; sourceTree = SDKROOT; };
		AB772C8D18848D4500490D48 /* CoreGraphics.framework */ = {isa = PBXFileReference; lastKnownFileType = wrapper.framework; name = CoreGraphics.framework; path = System/Library/Frameworks/CoreGraphics.framework; sourceTree = SDKROOT; };
		AB772C8F18848D4500490D48 /* UIKit.framework */ = {isa = PBXFileReference; lastKnownFileType = wrapper.framework; name = UIKit.framework; path = System/Library/Frameworks/UIKit.framework; sourceTree = SDKROOT; };
		AB772C9318848D4500490D48 /* cs-maps-level4-Info.plist */ = {isa = PBXFileReference; lastKnownFileType = text.plist.xml; path = "cs-maps-level4-Info.plist"; sourceTree = "<group>"; };
		AB772C9518848D4500490D48 /* en */ = {isa = PBXFileReference; lastKnownFileType = text.plist.strings; name = en; path = en.lproj/InfoPlist.strings; sourceTree = "<group>"; };
		AB772C9718848D4500490D48 /* main.m */ = {isa = PBXFileReference; lastKnownFileType = sourcecode.c.objc; path = main.m; sourceTree = "<group>"; };
		AB772C9918848D4500490D48 /* cs-maps-level4-Prefix.pch */ = {isa = PBXFileReference; lastKnownFileType = sourcecode.c.h; path = "cs-maps-level4-Prefix.pch"; sourceTree = "<group>"; };
		AB772C9A18848D4500490D48 /* CSAppDelegate.h */ = {isa = PBXFileReference; lastKnownFileType = sourcecode.c.h; path = CSAppDelegate.h; sourceTree = "<group>"; };
		AB772C9B18848D4500490D48 /* CSAppDelegate.m */ = {isa = PBXFileReference; lastKnownFileType = sourcecode.c.objc; path = CSAppDelegate.m; sourceTree = "<group>"; };
		AB772C9D18848D4500490D48 /* Images.xcassets */ = {isa = PBXFileReference; lastKnownFileType = folder.assetcatalog; path = Images.xcassets; sourceTree = "<group>"; };
		AB772CA318848D4500490D48 /* cs-maps-level4Tests.xctest */ = {isa = PBXFileReference; explicitFileType = wrapper.cfbundle; includeInIndex = 0; path = "cs-maps-level4Tests.xctest"; sourceTree = BUILT_PRODUCTS_DIR; };
		AB772CA418848D4500490D48 /* XCTest.framework */ = {isa = PBXFileReference; lastKnownFileType = wrapper.framework; name = XCTest.framework; path = Library/Frameworks/XCTest.framework; sourceTree = DEVELOPER_DIR; };
		AB772CAC18848D4500490D48 /* cs-maps-level4Tests-Info.plist */ = {isa = PBXFileReference; lastKnownFileType = text.plist.xml; path = "cs-maps-level4Tests-Info.plist"; sourceTree = "<group>"; };
		AB772CAE18848D4500490D48 /* en */ = {isa = PBXFileReference; lastKnownFileType = text.plist.strings; name = en; path = en.lproj/InfoPlist.strings; sourceTree = "<group>"; };
		AB772CB018848D4500490D48 /* cs_maps_level4Tests.m */ = {isa = PBXFileReference; lastKnownFileType = sourcecode.c.objc; path = cs_maps_level4Tests.m; sourceTree = "<group>"; };
		AB772CBA18848D5900490D48 /* GoogleMaps.framework */ = {isa = PBXFileReference; lastKnownFileType = wrapper.framework; path = GoogleMaps.framework; sourceTree = "<group>"; };
		AB772CBC18848D7000490D48 /* GoogleMaps.bundle */ = {isa = PBXFileReference; lastKnownFileType = "wrapper.plug-in"; name = GoogleMaps.bundle; path = GoogleMaps.framework/Versions/A/Resources/GoogleMaps.bundle; sourceTree = "<group>"; };
		AB772CBE18848D7A00490D48 /* AVFoundation.framework */ = {isa = PBXFileReference; lastKnownFileType = wrapper.framework; name = AVFoundation.framework; path = System/Library/Frameworks/AVFoundation.framework; sourceTree = SDKROOT; };
		AB772CC018848D8E00490D48 /* CoreData.framework */ = {isa = PBXFileReference; lastKnownFileType = wrapper.framework; name = CoreData.framework; path = System/Library/Frameworks/CoreData.framework; sourceTree = SDKROOT; };
		AB772CC218848D9300490D48 /* CoreLocation.framework */ = {isa = PBXFileReference; lastKnownFileType = wrapper.framework; name = CoreLocation.framework; path = System/Library/Frameworks/CoreLocation.framework; sourceTree = SDKROOT; };
		AB772CC418848D9700490D48 /* CoreText.framework */ = {isa = PBXFileReference; lastKnownFileType = wrapper.framework; name = CoreText.framework; path = System/Library/Frameworks/CoreText.framework; sourceTree = SDKROOT; };
		AB772CC618848D9C00490D48 /* GLKit.framework */ = {isa = PBXFileReference; lastKnownFileType = wrapper.framework; name = GLKit.framework; path = System/Library/Frameworks/GLKit.framework; sourceTree = SDKROOT; };
		AB772CC818848DA000490D48 /* ImageIO.framework */ = {isa = PBXFileReference; lastKnownFileType = wrapper.framework; name = ImageIO.framework; path = System/Library/Frameworks/ImageIO.framework; sourceTree = SDKROOT; };
		AB772CCA18848DA300490D48 /* libc++.dylib */ = {isa = PBXFileReference; lastKnownFileType = "compiled.mach-o.dylib"; name = "libc++.dylib"; path = "usr/lib/libc++.dylib"; sourceTree = SDKROOT; };
		AB772CCC18848DA800490D48 /* libicucore.dylib */ = {isa = PBXFileReference; lastKnownFileType = "compiled.mach-o.dylib"; name = libicucore.dylib; path = usr/lib/libicucore.dylib; sourceTree = SDKROOT; };
		AB772CCE18848DAC00490D48 /* libz.dylib */ = {isa = PBXFileReference; lastKnownFileType = "compiled.mach-o.dylib"; name = libz.dylib; path = usr/lib/libz.dylib; sourceTree = SDKROOT; };
		AB772CD018848DB000490D48 /* OpenGLES.framework */ = {isa = PBXFileReference; lastKnownFileType = wrapper.framework; name = OpenGLES.framework; path = System/Library/Frameworks/OpenGLES.framework; sourceTree = SDKROOT; };
		AB772CD218848DB400490D48 /* QuartzCore.framework */ = {isa = PBXFileReference; lastKnownFileType = wrapper.framework; name = QuartzCore.framework; path = System/Library/Frameworks/QuartzCore.framework; sourceTree = SDKROOT; };
		AB772CD418848DB700490D48 /* SystemConfiguration.framework */ = {isa = PBXFileReference; lastKnownFileType = wrapper.framework; name = SystemConfiguration.framework; path = System/Library/Frameworks/SystemConfiguration.framework; sourceTree = SDKROOT; };
		AB772CD618848DD400490D48 /* CSMapVC.h */ = {isa = PBXFileReference; fileEncoding = 4; lastKnownFileType = sourcecode.c.h; path = CSMapVC.h; sourceTree = "<group>"; };
		AB772CD718848DD400490D48 /* CSMapVC.m */ = {isa = PBXFileReference; fileEncoding = 4; lastKnownFileType = sourcecode.c.objc; path = CSMapVC.m; sourceTree = "<group>"; };
		AB772CD91884B4D500490D48 /* CSMarker.h */ = {isa = PBXFileReference; fileEncoding = 4; lastKnownFileType = sourcecode.c.h; path = CSMarker.h; sourceTree = "<group>"; };
		AB772CDA1884B4D500490D48 /* CSMarker.m */ = {isa = PBXFileReference; fileEncoding = 4; lastKnownFileType = sourcecode.c.objc; path = CSMarker.m; sourceTree = "<group>"; };
		ABD8F7FD1892C49D00A34C62 /* CSDirectionsVC.h */ = {isa = PBXFileReference; fileEncoding = 4; lastKnownFileType = sourcecode.c.h; path = CSDirectionsVC.h; sourceTree = "<group>"; };
		ABD8F7FE1892C49D00A34C62 /* CSDirectionsVC.m */ = {isa = PBXFileReference; fileEncoding = 4; lastKnownFileType = sourcecode.c.objc; path = CSDirectionsVC.m; sourceTree = "<group>"; };
		ABD8F8001892EAE200A34C62 /* CSDirectionsCell.h */ = {isa = PBXFileReference; fileEncoding = 4; lastKnownFileType = sourcecode.c.h; path = CSDirectionsCell.h; sourceTree = "<group>"; };
		ABD8F8011892EAE200A34C62 /* CSDirectionsCell.m */ = {isa = PBXFileReference; fileEncoding = 4; lastKnownFileType = sourcecode.c.objc; path = CSDirectionsCell.m; sourceTree = "<group>"; };
/* End PBXFileReference section */

/* Begin PBXFrameworksBuildPhase section */
		AB772C8518848D4500490D48 /* Frameworks */ = {
			isa = PBXFrameworksBuildPhase;
			buildActionMask = 2147483647;
			files = (
				AB772CD518848DB700490D48 /* SystemConfiguration.framework in Frameworks */,
				AB772CD318848DB400490D48 /* QuartzCore.framework in Frameworks */,
				AB772CD118848DB000490D48 /* OpenGLES.framework in Frameworks */,
				AB772CCF18848DAC00490D48 /* libz.dylib in Frameworks */,
				AB772CCD18848DA800490D48 /* libicucore.dylib in Frameworks */,
				AB772CCB18848DA400490D48 /* libc++.dylib in Frameworks */,
				AB772CC918848DA000490D48 /* ImageIO.framework in Frameworks */,
				AB772CC718848D9C00490D48 /* GLKit.framework in Frameworks */,
				AB772CC518848D9700490D48 /* CoreText.framework in Frameworks */,
				AB772CC318848D9300490D48 /* CoreLocation.framework in Frameworks */,
				AB772CC118848D8E00490D48 /* CoreData.framework in Frameworks */,
				AB772CBF18848D7A00490D48 /* AVFoundation.framework in Frameworks */,
				AB772C8E18848D4500490D48 /* CoreGraphics.framework in Frameworks */,
				AB772C9018848D4500490D48 /* UIKit.framework in Frameworks */,
				AB772CBB18848D5900490D48 /* GoogleMaps.framework in Frameworks */,
				AB772C8C18848D4500490D48 /* Foundation.framework in Frameworks */,
			);
			runOnlyForDeploymentPostprocessing = 0;
		};
		AB772CA018848D4500490D48 /* Frameworks */ = {
			isa = PBXFrameworksBuildPhase;
			buildActionMask = 2147483647;
			files = (
				AB772CA518848D4500490D48 /* XCTest.framework in Frameworks */,
				AB772CA718848D4500490D48 /* UIKit.framework in Frameworks */,
				AB772CA618848D4500490D48 /* Foundation.framework in Frameworks */,
			);
			runOnlyForDeploymentPostprocessing = 0;
		};
/* End PBXFrameworksBuildPhase section */

/* Begin PBXGroup section */
		AB772C7F18848D4500490D48 = {
			isa = PBXGroup;
			children = (
				AB772C9118848D4500490D48 /* cs-maps-level4 */,
				AB772CAA18848D4500490D48 /* cs-maps-level4Tests */,
				AB772C8A18848D4500490D48 /* Frameworks */,
				AB772C8918848D4500490D48 /* Products */,
			);
			sourceTree = "<group>";
		};
		AB772C8918848D4500490D48 /* Products */ = {
			isa = PBXGroup;
			children = (
				AB772C8818848D4500490D48 /* cs-maps-level4.app */,
				AB772CA318848D4500490D48 /* cs-maps-level4Tests.xctest */,
			);
			name = Products;
			sourceTree = "<group>";
		};
		AB772C8A18848D4500490D48 /* Frameworks */ = {
			isa = PBXGroup;
			children = (
				AB772CD418848DB700490D48 /* SystemConfiguration.framework */,
				AB772CD218848DB400490D48 /* QuartzCore.framework */,
				AB772CD018848DB000490D48 /* OpenGLES.framework */,
				AB772CCE18848DAC00490D48 /* libz.dylib */,
				AB772CCC18848DA800490D48 /* libicucore.dylib */,
				AB772CCA18848DA300490D48 /* libc++.dylib */,
				AB772CC818848DA000490D48 /* ImageIO.framework */,
				AB772CC618848D9C00490D48 /* GLKit.framework */,
				AB772CC418848D9700490D48 /* CoreText.framework */,
				AB772CC218848D9300490D48 /* CoreLocation.framework */,
				AB772CC018848D8E00490D48 /* CoreData.framework */,
				AB772CBE18848D7A00490D48 /* AVFoundation.framework */,
				AB772CBC18848D7000490D48 /* GoogleMaps.bundle */,
				AB772CBA18848D5900490D48 /* GoogleMaps.framework */,
				AB772C8B18848D4500490D48 /* Foundation.framework */,
				AB772C8D18848D4500490D48 /* CoreGraphics.framework */,
				AB772C8F18848D4500490D48 /* UIKit.framework */,
				AB772CA418848D4500490D48 /* XCTest.framework */,
			);
			name = Frameworks;
			sourceTree = "<group>";
		};
		AB772C9118848D4500490D48 /* cs-maps-level4 */ = {
			isa = PBXGroup;
			children = (
				AB772C9A18848D4500490D48 /* CSAppDelegate.h */,
				AB772C9B18848D4500490D48 /* CSAppDelegate.m */,
				AB772CD618848DD400490D48 /* CSMapVC.h */,
				AB772CD718848DD400490D48 /* CSMapVC.m */,
				ABD8F7FD1892C49D00A34C62 /* CSDirectionsVC.h */,
				ABD8F7FE1892C49D00A34C62 /* CSDirectionsVC.m */,
				ABD8F8001892EAE200A34C62 /* CSDirectionsCell.h */,
				ABD8F8011892EAE200A34C62 /* CSDirectionsCell.m */,
				AB772CD91884B4D500490D48 /* CSMarker.h */,
				AB772CDA1884B4D500490D48 /* CSMarker.m */,
				AB772C9D18848D4500490D48 /* Images.xcassets */,
				AB772C9218848D4500490D48 /* Supporting Files */,
			);
			path = "cs-maps-level4";
			sourceTree = "<group>";
		};
		AB772C9218848D4500490D48 /* Supporting Files */ = {
			isa = PBXGroup;
			children = (
				AB772C9318848D4500490D48 /* cs-maps-level4-Info.plist */,
				AB772C9418848D4500490D48 /* InfoPlist.strings */,
				AB772C9718848D4500490D48 /* main.m */,
				AB772C9918848D4500490D48 /* cs-maps-level4-Prefix.pch */,
			);
			name = "Supporting Files";
			sourceTree = "<group>";
		};
		AB772CAA18848D4500490D48 /* cs-maps-level4Tests */ = {
			isa = PBXGroup;
			children = (
				AB772CB018848D4500490D48 /* cs_maps_level4Tests.m */,
				AB772CAB18848D4500490D48 /* Supporting Files */,
			);
			path = "cs-maps-level4Tests";
			sourceTree = "<group>";
		};
		AB772CAB18848D4500490D48 /* Supporting Files */ = {
			isa = PBXGroup;
			children = (
				AB772CAC18848D4500490D48 /* cs-maps-level4Tests-Info.plist */,
				AB772CAD18848D4500490D48 /* InfoPlist.strings */,
			);
			name = "Supporting Files";
			sourceTree = "<group>";
		};
/* End PBXGroup section */

/* Begin PBXNativeTarget section */
		AB772C8718848D4500490D48 /* cs-maps-level4 */ = {
			isa = PBXNativeTarget;
			buildConfigurationList = AB772CB418848D4500490D48 /* Build configuration list for PBXNativeTarget "cs-maps-level4" */;
			buildPhases = (
				AB772C8418848D4500490D48 /* Sources */,
				AB772C8518848D4500490D48 /* Frameworks */,
				AB772C8618848D4500490D48 /* Resources */,
			);
			buildRules = (
			);
			dependencies = (
			);
			name = "cs-maps-level4";
			productName = "cs-maps-level4";
			productReference = AB772C8818848D4500490D48 /* cs-maps-level4.app */;
			productType = "com.apple.product-type.application";
		};
		AB772CA218848D4500490D48 /* cs-maps-level4Tests */ = {
			isa = PBXNativeTarget;
			buildConfigurationList = AB772CB718848D4500490D48 /* Build configuration list for PBXNativeTarget "cs-maps-level4Tests" */;
			buildPhases = (
				AB772C9F18848D4500490D48 /* Sources */,
				AB772CA018848D4500490D48 /* Frameworks */,
				AB772CA118848D4500490D48 /* Resources */,
			);
			buildRules = (
			);
			dependencies = (
				AB772CA918848D4500490D48 /* PBXTargetDependency */,
			);
			name = "cs-maps-level4Tests";
			productName = "cs-maps-level4Tests";
			productReference = AB772CA318848D4500490D48 /* cs-maps-level4Tests.xctest */;
			productType = "com.apple.product-type.bundle.unit-test";
		};
/* End PBXNativeTarget section */

/* Begin PBXProject section */
		AB772C8018848D4500490D48 /* Project object */ = {
			isa = PBXProject;
			attributes = {
				CLASSPREFIX = CS;
				LastUpgradeCheck = 0500;
				ORGANIZATIONNAME = "Code School";
				TargetAttributes = {
					AB772C8718848D4500490D48 = {
						DevelopmentTeam = NHFJQYAMLK;
					};
					AB772CA218848D4500490D48 = {
						TestTargetID = AB772C8718848D4500490D48;
					};
				};
			};
			buildConfigurationList = AB772C8318848D4500490D48 /* Build configuration list for PBXProject "cs-maps-level4" */;
			compatibilityVersion = "Xcode 3.2";
			developmentRegion = English;
			hasScannedForEncodings = 0;
			knownRegions = (
				en,
			);
			mainGroup = AB772C7F18848D4500490D48;
			productRefGroup = AB772C8918848D4500490D48 /* Products */;
			projectDirPath = "";
			projectRoot = "";
			targets = (
				AB772C8718848D4500490D48 /* cs-maps-level4 */,
				AB772CA218848D4500490D48 /* cs-maps-level4Tests */,
			);
		};
/* End PBXProject section */

/* Begin PBXResourcesBuildPhase section */
		AB772C8618848D4500490D48 /* Resources */ = {
			isa = PBXResourcesBuildPhase;
			buildActionMask = 2147483647;
			files = (
				AB772CBD18848D7000490D48 /* GoogleMaps.bundle in Resources */,
				AB772C9618848D4500490D48 /* InfoPlist.strings in Resources */,
				AB772C9E18848D4500490D48 /* Images.xcassets in Resources */,
			);
			runOnlyForDeploymentPostprocessing = 0;
		};
		AB772CA118848D4500490D48 /* Resources */ = {
			isa = PBXResourcesBuildPhase;
			buildActionMask = 2147483647;
			files = (
				AB772CAF18848D4500490D48 /* InfoPlist.strings in Resources */,
			);
			runOnlyForDeploymentPostprocessing = 0;
		};
/* End PBXResourcesBuildPhase section */

/* Begin PBXSourcesBuildPhase section */
		AB772C8418848D4500490D48 /* Sources */ = {
			isa = PBXSourcesBuildPhase;
			buildActionMask = 2147483647;
			files = (
				AB772C9C18848D4500490D48 /* CSAppDelegate.m in Sources */,
				AB772CDB1884B4D500490D48 /* CSMarker.m in Sources */,
				AB772C9818848D4500490D48 /* main.m in Sources */,
				ABD8F8021892EAE200A34C62 /* CSDirectionsCell.m in Sources */,
				ABD8F7FF1892C49D00A34C62 /* CSDirectionsVC.m in Sources */,
				AB772CD818848DD400490D48 /* CSMapVC.m in Sources */,
			);
			runOnlyForDeploymentPostprocessing = 0;
		};
		AB772C9F18848D4500490D48 /* Sources */ = {
			isa = PBXSourcesBuildPhase;
			buildActionMask = 2147483647;
			files = (
				AB772CB118848D4500490D48 /* cs_maps_level4Tests.m in Sources */,
			);
			runOnlyForDeploymentPostprocessing = 0;
		};
/* End PBXSourcesBuildPhase section */

/* Begin PBXTargetDependency section */
		AB772CA918848D4500490D48 /* PBXTargetDependency */ = {
			isa = PBXTargetDependency;
			target = AB772C8718848D4500490D48 /* cs-maps-level4 */;
			targetProxy = AB772CA818848D4500490D48 /* PBXContainerItemProxy */;
		};
/* End PBXTargetDependency section */

/* Begin PBXVariantGroup section */
		AB772C9418848D4500490D48 /* InfoPlist.strings */ = {
			isa = PBXVariantGroup;
			children = (
				AB772C9518848D4500490D48 /* en */,
			);
			name = InfoPlist.strings;
			sourceTree = "<group>";
		};
		AB772CAD18848D4500490D48 /* InfoPlist.strings */ = {
			isa = PBXVariantGroup;
			children = (
				AB772CAE18848D4500490D48 /* en */,
			);
			name = InfoPlist.strings;
			sourceTree = "<group>";
		};
/* End PBXVariantGroup section */

/* Begin XCBuildConfiguration section */
		AB772CB218848D4500490D48 /* Debug */ = {
			isa = XCBuildConfiguration;
			buildSettings = {
				ALWAYS_SEARCH_USER_PATHS = NO;
				ARCHS = "$(ARCHS_STANDARD_INCLUDING_64_BIT)";
				CLANG_CXX_LANGUAGE_STANDARD = "gnu++0x";
				CLANG_CXX_LIBRARY = "libc++";
				CLANG_ENABLE_MODULES = YES;
				CLANG_ENABLE_OBJC_ARC = YES;
				CLANG_WARN_BOOL_CONVERSION = YES;
				CLANG_WARN_CONSTANT_CONVERSION = YES;
				CLANG_WARN_DIRECT_OBJC_ISA_USAGE = YES_ERROR;
				CLANG_WARN_EMPTY_BODY = YES;
				CLANG_WARN_ENUM_CONVERSION = YES;
				CLANG_WARN_INT_CONVERSION = YES;
				CLANG_WARN_OBJC_ROOT_CLASS = YES_ERROR;
				CLANG_WARN__DUPLICATE_METHOD_MATCH = YES;
				"CODE_SIGN_IDENTITY[sdk=iphoneos*]" = "iPhone Developer";
				COPY_PHASE_STRIP = NO;
				GCC_C_LANGUAGE_STANDARD = gnu99;
				GCC_DYNAMIC_NO_PIC = NO;
				GCC_OPTIMIZATION_LEVEL = 0;
				GCC_PREPROCESSOR_DEFINITIONS = (
					"DEBUG=1",
					"$(inherited)",
				);
				GCC_SYMBOLS_PRIVATE_EXTERN = NO;
				GCC_WARN_64_TO_32_BIT_CONVERSION = YES;
				GCC_WARN_ABOUT_RETURN_TYPE = YES_ERROR;
				GCC_WARN_UNDECLARED_SELECTOR = YES;
				GCC_WARN_UNINITIALIZED_AUTOS = YES;
				GCC_WARN_UNUSED_FUNCTION = YES;
				GCC_WARN_UNUSED_VARIABLE = YES;
				IPHONEOS_DEPLOYMENT_TARGET = 7.0;
				ONLY_ACTIVE_ARCH = YES;
				SDKROOT = iphoneos;
			};
			name = Debug;
		};
		AB772CB318848D4500490D48 /* Release */ = {
			isa = XCBuildConfiguration;
			buildSettings = {
				ALWAYS_SEARCH_USER_PATHS = NO;
				ARCHS = "$(ARCHS_STANDARD_INCLUDING_64_BIT)";
				CLANG_CXX_LANGUAGE_STANDARD = "gnu++0x";
				CLANG_CXX_LIBRARY = "libc++";
				CLANG_ENABLE_MODULES = YES;
				CLANG_ENABLE_OBJC_ARC = YES;
				CLANG_WARN_BOOL_CONVERSION = YES;
				CLANG_WARN_CONSTANT_CONVERSION = YES;
				CLANG_WARN_DIRECT_OBJC_ISA_USAGE = YES_ERROR;
				CLANG_WARN_EMPTY_BODY = YES;
				CLANG_WARN_ENUM_CONVERSION = YES;
				CLANG_WARN_INT_CONVERSION = YES;
				CLANG_WARN_OBJC_ROOT_CLASS = YES_ERROR;
				CLANG_WARN__DUPLICATE_METHOD_MATCH = YES;
				"CODE_SIGN_IDENTITY[sdk=iphoneos*]" = "iPhone Developer";
				COPY_PHASE_STRIP = YES;
				ENABLE_NS_ASSERTIONS = NO;
				GCC_C_LANGUAGE_STANDARD = gnu99;
				GCC_WARN_64_TO_32_BIT_CONVERSION = YES;
				GCC_WARN_ABOUT_RETURN_TYPE = YES_ERROR;
				GCC_WARN_UNDECLARED_SELECTOR = YES;
				GCC_WARN_UNINITIALIZED_AUTOS = YES;
				GCC_WARN_UNUSED_FUNCTION = YES;
				GCC_WARN_UNUSED_VARIABLE = YES;
				IPHONEOS_DEPLOYMENT_TARGET = 7.0;
				SDKROOT = iphoneos;
				VALIDATE_PRODUCT = YES;
			};
			name = Release;
		};
		AB772CB518848D4500490D48 /* Debug */ = {
			isa = XCBuildConfiguration;
			buildSettings = {
				ASSETCATALOG_COMPILER_APPICON_NAME = AppIcon;
				ASSETCATALOG_COMPILER_LAUNCHIMAGE_NAME = LaunchImage;
				CODE_SIGN_IDENTITY = "iPhone Developer";
				"CODE_SIGN_IDENTITY[sdk=iphoneos*]" = "iPhone Developer";
				FRAMEWORK_SEARCH_PATHS = (
					"$(inherited)",
					"/Users/jonfriskics/Desktop/CSrepos/GoogleMapsCourseContent/cs-maps-level4",
				);
				GCC_PRECOMPILE_PREFIX_HEADER = YES;
				GCC_PREFIX_HEADER = "cs-maps-level4/cs-maps-level4-Prefix.pch";
				INFOPLIST_FILE = "cs-maps-level4/cs-maps-level4-Info.plist";
				OTHER_LDFLAGS = "-ObjC";
				PRODUCT_NAME = "$(TARGET_NAME)";
				PROVISIONING_PROFILE = "";
				WRAPPER_EXTENSION = app;
			};
			name = Debug;
		};
		AB772CB618848D4500490D48 /* Release */ = {
			isa = XCBuildConfiguration;
			buildSettings = {
				ASSETCATALOG_COMPILER_APPICON_NAME = AppIcon;
				ASSETCATALOG_COMPILER_LAUNCHIMAGE_NAME = LaunchImage;
				CODE_SIGN_IDENTITY = "iPhone Developer";
				"CODE_SIGN_IDENTITY[sdk=iphoneos*]" = "iPhone Developer";
				FRAMEWORK_SEARCH_PATHS = (
					"$(inherited)",
					"/Users/jonfriskics/Desktop/CSrepos/GoogleMapsCourseContent/cs-maps-level4",
				);
				GCC_PRECOMPILE_PREFIX_HEADER = YES;
				GCC_PREFIX_HEADER = "cs-maps-level4/cs-maps-level4-Prefix.pch";
				INFOPLIST_FILE = "cs-maps-level4/cs-maps-level4-Info.plist";
				OTHER_LDFLAGS = "-ObjC";
				PRODUCT_NAME = "$(TARGET_NAME)";
				PROVISIONING_PROFILE = "";
				WRAPPER_EXTENSION = app;
			};
			name = Release;
		};
		AB772CB818848D4500490D48 /* Debug */ = {
			isa = XCBuildConfiguration;
			buildSettings = {
				ARCHS = "$(ARCHS_STANDARD_INCLUDING_64_BIT)";
				BUNDLE_LOADER = "$(BUILT_PRODUCTS_DIR)/cs-maps-level4.app/cs-maps-level4";
				FRAMEWORK_SEARCH_PATHS = (
					"$(SDKROOT)/Developer/Library/Frameworks",
					"$(inherited)",
					"$(DEVELOPER_FRAMEWORKS_DIR)",
				);
				GCC_PRECOMPILE_PREFIX_HEADER = YES;
				GCC_PREFIX_HEADER = "cs-maps-level4/cs-maps-level4-Prefix.pch";
				GCC_PREPROCESSOR_DEFINITIONS = (
					"DEBUG=1",
					"$(inherited)",
				);
				INFOPLIST_FILE = "cs-maps-level4Tests/cs-maps-level4Tests-Info.plist";
				PRODUCT_NAME = "$(TARGET_NAME)";
				TEST_HOST = "$(BUNDLE_LOADER)";
				WRAPPER_EXTENSION = xctest;
			};
			name = Debug;
		};
		AB772CB918848D4500490D48 /* Release */ = {
			isa = XCBuildConfiguration;
			buildSettings = {
				ARCHS = "$(ARCHS_STANDARD_INCLUDING_64_BIT)";
				BUNDLE_LOADER = "$(BUILT_PRODUCTS_DIR)/cs-maps-level4.app/cs-maps-level4";
				FRAMEWORK_SEARCH_PATHS = (
					"$(SDKROOT)/Developer/Library/Frameworks",
					"$(inherited)",
					"$(DEVELOPER_FRAMEWORKS_DIR)",
				);
				GCC_PRECOMPILE_PREFIX_HEADER = YES;
				GCC_PREFIX_HEADER = "cs-maps-level4/cs-maps-level4-Prefix.pch";
				INFOPLIST_FILE = "cs-maps-level4Tests/cs-maps-level4Tests-Info.plist";
				PRODUCT_NAME = "$(TARGET_NAME)";
				TEST_HOST = "$(BUNDLE_LOADER)";
				WRAPPER_EXTENSION = xctest;
			};
			name = Release;
		};
/* End XCBuildConfiguration section */

/* Begin XCConfigurationList section */
		AB772C8318848D4500490D48 /* Build configuration list for PBXProject "cs-maps-level4" */ = {
			isa = XCConfigurationList;
			buildConfigurations = (
				AB772CB218848D4500490D48 /* Debug */,
				AB772CB318848D4500490D48 /* Release */,
			);
			defaultConfigurationIsVisible = 0;
			defaultConfigurationName = Release;
		};
		AB772CB418848D4500490D48 /* Build configuration list for PBXNativeTarget "cs-maps-level4" */ = {
			isa = XCConfigurationList;
			buildConfigurations = (
				AB772CB518848D4500490D48 /* Debug */,
				AB772CB618848D4500490D48 /* Release */,
			);
			defaultConfigurationIsVisible = 0;
			defaultConfigurationName = Release;
		};
		AB772CB718848D4500490D48 /* Build configuration list for PBXNativeTarget "cs-maps-level4Tests" */ = {
			isa = XCConfigurationList;
			buildConfigurations = (
				AB772CB818848D4500490D48 /* Debug */,
				AB772CB918848D4500490D48 /* Release */,
			);
			defaultConfigurationIsVisible = 0;
			defaultConfigurationName = Release;
		};
/* End XCConfigurationList section */
	};
	rootObject = AB772C8018848D4500490D48 /* Project object */;
}
